
Microsoft Visual Studio Solution File, Format Version 12.00
# Visual Studio 14
VisualStudioVersion = 14.0.24720.0
MinimumVisualStudioVersion = 10.0.40219.1
Project("{FAE04EC0-301F-11D3-BF4B-00C04F79EFBC}") = "MvcStuff_MVC3_Samples", "MvcStuff_MVC3_Samples\MvcStuff_MVC3_Samples.csproj", "{833DD026-0D38-47BB-BAE5-37275444C719}"
EndProject
Project("{FAE04EC0-301F-11D3-BF4B-00C04F79EFBC}") = "MvcStuff_MVC3", "MvcStuff_MVC3\MvcStuff_MVC3.csproj", "{90551512-09C2-465B-807F-20BD7A7C03D3}"
EndProject
Project("{FAE04EC0-301F-11D3-BF4B-00C04F79EFBC}") = "MvcStuff.Tests", "MvcStuff.Tests\MvcStuff.Tests.csproj", "{DE5598C9-DFF9-44A5-B347-DEF81164D1A4}"
EndProject
Project("{FAE04EC0-301F-11D3-BF4B-00C04F79EFBC}") = "MvcStuff_MVC4", "MvcStuff_MVC4\MvcStuff_MVC4.csproj", "{D14F93A8-9192-478E-A52F-BB20C1E35225}"
EndProject
Project("{FAE04EC0-301F-11D3-BF4B-00C04F79EFBC}") = "MvcStuff_MVC5", "MvcStuff_MVC5\MvcStuff_MVC5.csproj", "{B333673A-C2BA-4787-AA48-54247241D8B2}"
EndProject
Project("{FAE04EC0-301F-11D3-BF4B-00C04F79EFBC}") = "MvcStuff_MVC6", "MvcStuff_MVC6\MvcStuff_MVC6.csproj", "{A920CBC8-F3DD-4DB9-8AEB-E20227BA3493}"
EndProject
Project("{FAE04EC0-301F-11D3-BF4B-00C04F79EFBC}") = "Synch", "Synch\Synch.csproj", "{DCBB2E21-5747-44AD-83B1-197C530798C7}"
EndProject
Global
	GlobalSection(SolutionConfigurationPlatforms) = preSolution
		Debug|Any CPU = Debug|Any CPU
		Release|Any CPU = Release|Any CPU
	EndGlobalSection
	GlobalSection(ProjectConfigurationPlatforms) = postSolution
		{833DD026-0D38-47BB-BAE5-37275444C719}.Debug|Any CPU.ActiveCfg = Debug|Any CPU
		{833DD026-0D38-47BB-BAE5-37275444C719}.Debug|Any CPU.Build.0 = Debug|Any CPU
		{833DD026-0D38-47BB-BAE5-37275444C719}.Release|Any CPU.ActiveCfg = Release|Any CPU
		{833DD026-0D38-47BB-BAE5-37275444C719}.Release|Any CPU.Build.0 = Release|Any CPU
		{90551512-09C2-465B-807F-20BD7A7C03D3}.Debug|Any CPU.ActiveCfg = Debug|Any CPU
		{90551512-09C2-465B-807F-20BD7A7C03D3}.Debug|Any CPU.Build.0 = Debug|Any CPU
		{90551512-09C2-465B-807F-20BD7A7C03D3}.Release|Any CPU.ActiveCfg = Release|Any CPU
		{90551512-09C2-465B-807F-20BD7A7C03D3}.Release|Any CPU.Build.0 = Release|Any CPU
		{DE5598C9-DFF9-44A5-B347-DEF81164D1A4}.Debug|Any CPU.ActiveCfg = Debug|Any CPU
		{DE5598C9-DFF9-44A5-B347-DEF81164D1A4}.Debug|Any CPU.Build.0 = Debug|Any CPU
		{DE5598C9-DFF9-44A5-B347-DEF81164D1A4}.Release|Any CPU.ActiveCfg = Release|Any CPU
		{DE5598C9-DFF9-44A5-B347-DEF81164D1A4}.Release|Any CPU.Build.0 = Release|Any CPU
		{D14F93A8-9192-478E-A52F-BB20C1E35225}.Debug|Any CPU.ActiveCfg = Debug|Any CPU
		{D14F93A8-9192-478E-A52F-BB20C1E35225}.Debug|Any CPU.Build.0 = Debug|Any CPU
		{D14F93A8-9192-478E-A52F-BB20C1E35225}.Release|Any CPU.ActiveCfg = Release|Any CPU
		{D14F93A8-9192-478E-A52F-BB20C1E35225}.Release|Any CPU.Build.0 = Release|Any CPU
		{B333673A-C2BA-4787-AA48-54247241D8B2}.Debug|Any CPU.ActiveCfg = Debug|Any CPU
		{B333673A-C2BA-4787-AA48-54247241D8B2}.Debug|Any CPU.Build.0 = Debug|Any CPU
		{B333673A-C2BA-4787-AA48-54247241D8B2}.Release|Any CPU.ActiveCfg = Release|Any CPU
		{B333673A-C2BA-4787-AA48-54247241D8B2}.Release|Any CPU.Build.0 = Release|Any CPU
		{A920CBC8-F3DD-4DB9-8AEB-E20227BA3493}.Debug|Any CPU.ActiveCfg = Debug|Any CPU
		{A920CBC8-F3DD-4DB9-8AEB-E20227BA3493}.Debug|Any CPU.Build.0 = Debug|Any CPU
		{A920CBC8-F3DD-4DB9-8AEB-E20227BA3493}.Release|Any CPU.ActiveCfg = Release|Any CPU
		{A920CBC8-F3DD-4DB9-8AEB-E20227BA3493}.Release|Any CPU.Build.0 = Release|Any CPU
		{DCBB2E21-5747-44AD-83B1-197C530798C7}.Debug|Any CPU.ActiveCfg = Debug|Any CPU
		{DCBB2E21-5747-44AD-83B1-197C530798C7}.Debug|Any CPU.Build.0 = Debug|Any CPU
		{DCBB2E21-5747-44AD-83B1-197C530798C7}.Release|Any CPU.ActiveCfg = Release|Any CPU
		{DCBB2E21-5747-44AD-83B1-197C530798C7}.Release|Any CPU.Build.0 = Release|Any CPU
	EndGlobalSection
	GlobalSection(SolutionProperties) = preSolution
		HideSolutionNode = FALSE
	EndGlobalSection
EndGlobal
